// !$*UTF8*$!
{
	archiveVersion = 1;
	classes = {
	};
	objectVersion = 50;
	objects = {

/* Begin PBXBuildFile section */
		C923B0092371E19B0097C25F /* AppDelegate.swift in Sources */ = {isa = PBXBuildFile; fileRef = C923B0082371E19B0097C25F /* AppDelegate.swift */; };
		C923B00B2371E19B0097C25F /* SceneDelegate.swift in Sources */ = {isa = PBXBuildFile; fileRef = C923B00A2371E19B0097C25F /* SceneDelegate.swift */; };
		C923B00D2371E19B0097C25F /* ViewController.swift in Sources */ = {isa = PBXBuildFile; fileRef = C923B00C2371E19B0097C25F /* ViewController.swift */; };
		C923B0102371E19B0097C25F /* Main.storyboard in Resources */ = {isa = PBXBuildFile; fileRef = C923B00E2371E19B0097C25F /* Main.storyboard */; };
		C923B0122371E19D0097C25F /* Assets.xcassets in Resources */ = {isa = PBXBuildFile; fileRef = C923B0112371E19D0097C25F /* Assets.xcassets */; };
		C923B0152371E19D0097C25F /* LaunchScreen.storyboard in Resources */ = {isa = PBXBuildFile; fileRef = C923B0132371E19D0097C25F /* LaunchScreen.storyboard */; };
		C923B0202371E19D0097C25F /* MarketTests.swift in Sources */ = {isa = PBXBuildFile; fileRef = C923B01F2371E19D0097C25F /* MarketTests.swift */; };
		C923B02B2371E19D0097C25F /* MarketUITests.swift in Sources */ = {isa = PBXBuildFile; fileRef = C923B02A2371E19D0097C25F /* MarketUITests.swift */; };
/* End PBXBuildFile section */

/* Begin PBXContainerItemProxy section */
		C923B01C2371E19D0097C25F /* PBXContainerItemProxy */ = {
			isa = PBXContainerItemProxy;
			containerPortal = C923AFFD2371E19B0097C25F /* Project object */;
			proxyType = 1;
			remoteGlobalIDString = C923B0042371E19B0097C25F;
			remoteInfo = Market;
		};
		C923B0272371E19D0097C25F /* PBXContainerItemProxy */ = {
			isa = PBXContainerItemProxy;
			containerPortal = C923AFFD2371E19B0097C25F /* Project object */;
			proxyType = 1;
			remoteGlobalIDString = C923B0042371E19B0097C25F;
			remoteInfo = Market;
		};
/* End PBXContainerItemProxy section */

/* Begin PBXFileReference section */
		C923B0052371E19B0097C25F /* Market.app */ = {isa = PBXFileReference; explicitFileType = wrapper.application; includeInIndex = 0; path = Market.app; sourceTree = BUILT_PRODUCTS_DIR; };
		C923B0082371E19B0097C25F /* AppDelegate.swift */ = {isa = PBXFileReference; lastKnownFileType = sourcecode.swift; path = AppDelegate.swift; sourceTree = "<group>"; };
		C923B00A2371E19B0097C25F /* SceneDelegate.swift */ = {isa = PBXFileReference; lastKnownFileType = sourcecode.swift; path = SceneDelegate.swift; sourceTree = "<group>"; };
		C923B00C2371E19B0097C25F /* ViewController.swift */ = {isa = PBXFileReference; lastKnownFileType = sourcecode.swift; path = ViewController.swift; sourceTree = "<group>"; };
		C923B00F2371E19B0097C25F /* Base */ = {isa = PBXFileReference; lastKnownFileType = file.storyboard; name = Base; path = Base.lproj/Main.storyboard; sourceTree = "<group>"; };
		C923B0112371E19D0097C25F /* Assets.xcassets */ = {isa = PBXFileReference; lastKnownFileType = folder.assetcatalog; path = Assets.xcassets; sourceTree = "<group>"; };
		C923B0142371E19D0097C25F /* Base */ = {isa = PBXFileReference; lastKnownFileType = file.storyboard; name = Base; path = Base.lproj/LaunchScreen.storyboard; sourceTree = "<group>"; };
		C923B0162371E19D0097C25F /* Info.plist */ = {isa = PBXFileReference; lastKnownFileType = text.plist.xml; path = Info.plist; sourceTree = "<group>"; };
		C923B01B2371E19D0097C25F /* MarketTests.xctest */ = {isa = PBXFileReference; explicitFileType = wrapper.cfbundle; includeInIndex = 0; path = MarketTests.xctest; sourceTree = BUILT_PRODUCTS_DIR; };
		C923B01F2371E19D0097C25F /* MarketTests.swift */ = {isa = PBXFileReference; lastKnownFileType = sourcecode.swift; path = MarketTests.swift; sourceTree = "<group>"; };
		C923B0212371E19D0097C25F /* Info.plist */ = {isa = PBXFileReference; lastKnownFileType = text.plist.xml; path = Info.plist; sourceTree = "<group>"; };
		C923B0262371E19D0097C25F /* MarketUITests.xctest */ = {isa = PBXFileReference; explicitFileType = wrapper.cfbundle; includeInIndex = 0; path = MarketUITests.xctest; sourceTree = BUILT_PRODUCTS_DIR; };
		C923B02A2371E19D0097C25F /* MarketUITests.swift */ = {isa = PBXFileReference; lastKnownFileType = sourcecode.swift; path = MarketUITests.swift; sourceTree = "<group>"; };
		C923B02C2371E19D0097C25F /* Info.plist */ = {isa = PBXFileReference; lastKnownFileType = text.plist.xml; path = Info.plist; sourceTree = "<group>"; };
/* End PBXFileReference section */

/* Begin PBXFrameworksBuildPhase section */
		C923B0022371E19B0097C25F /* Frameworks */ = {
			isa = PBXFrameworksBuildPhase;
			buildActionMask = 2147483647;
			files = (
			);
			runOnlyForDeploymentPostprocessing = 0;
		};
		C923B0182371E19D0097C25F /* Frameworks */ = {
			isa = PBXFrameworksBuildPhase;
			buildActionMask = 2147483647;
			files = (
			);
			runOnlyForDeploymentPostprocessing = 0;
		};
		C923B0232371E19D0097C25F /* Frameworks */ = {
			isa = PBXFrameworksBuildPhase;
			buildActionMask = 2147483647;
			files = (
			);
			runOnlyForDeploymentPostprocessing = 0;
		};
/* End PBXFrameworksBuildPhase section */

/* Begin PBXGroup section */
		C923AFFC2371E19B0097C25F = {
			isa = PBXGroup;
			children = (
				C923B0072371E19B0097C25F /* Market */,
				C923B01E2371E19D0097C25F /* MarketTests */,
				C923B0292371E19D0097C25F /* MarketUITests */,
				C923B0062371E19B0097C25F /* Products */,
			);
			sourceTree = "<group>";
		};
		C923B0062371E19B0097C25F /* Products */ = {
			isa = PBXGroup;
			children = (
				C923B0052371E19B0097C25F /* Market.app */,
				C923B01B2371E19D0097C25F /* MarketTests.xctest */,
				C923B0262371E19D0097C25F /* MarketUITests.xctest */,
			);
			name = Products;
			sourceTree = "<group>";
		};
		C923B0072371E19B0097C25F /* Market */ = {
			isa = PBXGroup;
			children = (
				C923B0082371E19B0097C25F /* AppDelegate.swift */,
				C923B00A2371E19B0097C25F /* SceneDelegate.swift */,
				C923B00C2371E19B0097C25F /* ViewController.swift */,
				C923B00E2371E19B0097C25F /* Main.storyboard */,
				C923B0112371E19D0097C25F /* Assets.xcassets */,
				C923B0132371E19D0097C25F /* LaunchScreen.storyboard */,
				C923B0162371E19D0097C25F /* Info.plist */,
			);
			path = Market;
			sourceTree = "<group>";
		};
		C923B01E2371E19D0097C25F /* MarketTests */ = {
			isa = PBXGroup;
			children = (
				C923B01F2371E19D0097C25F /* MarketTests.swift */,
				C923B0212371E19D0097C25F /* Info.plist */,
			);
			path = MarketTests;
			sourceTree = "<group>";
		};
		C923B0292371E19D0097C25F /* MarketUITests */ = {
			isa = PBXGroup;
			children = (
				C923B02A2371E19D0097C25F /* MarketUITests.swift */,
				C923B02C2371E19D0097C25F /* Info.plist */,
			);
			path = MarketUITests;
			sourceTree = "<group>";
		};
/* End PBXGroup section */

/* Begin PBXNativeTarget section */
		C923B0042371E19B0097C25F /* Market */ = {
			isa = PBXNativeTarget;
			buildConfigurationList = C923B02F2371E19D0097C25F /* Build configuration list for PBXNativeTarget "Market" */;
			buildPhases = (
				C923B0012371E19B0097C25F /* Sources */,
				C923B0022371E19B0097C25F /* Frameworks */,
				C923B0032371E19B0097C25F /* Resources */,
			);
			buildRules = (
			);
			dependencies = (
			);
			name = Market;
			productName = Market;
			productReference = C923B0052371E19B0097C25F /* Market.app */;
			productType = "com.apple.product-type.application";
		};
		C923B01A2371E19D0097C25F /* MarketTests */ = {
			isa = PBXNativeTarget;
			buildConfigurationList = C923B0322371E19D0097C25F /* Build configuration list for PBXNativeTarget "MarketTests" */;
			buildPhases = (
				C923B0172371E19D0097C25F /* Sources */,
				C923B0182371E19D0097C25F /* Frameworks */,
				C923B0192371E19D0097C25F /* Resources */,
			);
			buildRules = (
			);
			dependencies = (
				C923B01D2371E19D0097C25F /* PBXTargetDependency */,
			);
			name = MarketTests;
			productName = MarketTests;
			productReference = C923B01B2371E19D0097C25F /* MarketTests.xctest */;
			productType = "com.apple.product-type.bundle.unit-test";
		};
		C923B0252371E19D0097C25F /* MarketUITests */ = {
			isa = PBXNativeTarget;
			buildConfigurationList = C923B0352371E19D0097C25F /* Build configuration list for PBXNativeTarget "MarketUITests" */;
			buildPhases = (
				C923B0222371E19D0097C25F /* Sources */,
				C923B0232371E19D0097C25F /* Frameworks */,
				C923B0242371E19D0097C25F /* Resources */,
			);
			buildRules = (
			);
			dependencies = (
				C923B0282371E19D0097C25F /* PBXTargetDependency */,
			);
			name = MarketUITests;
			productName = MarketUITests;
			productReference = C923B0262371E19D0097C25F /* MarketUITests.xctest */;
			productType = "com.apple.product-type.bundle.ui-testing";
		};
/* End PBXNativeTarget section */

/* Begin PBXProject section */
		C923AFFD2371E19B0097C25F /* Project object */ = {
			isa = PBXProject;
			attributes = {
				LastSwiftUpdateCheck = 1110;
				LastUpgradeCheck = 1110;
				ORGANIZATIONNAME = "オムラユウキ";
				TargetAttributes = {
					C923B0042371E19B0097C25F = {
						CreatedOnToolsVersion = 11.1;
					};
					C923B01A2371E19D0097C25F = {
						CreatedOnToolsVersion = 11.1;
						TestTargetID = C923B0042371E19B0097C25F;
					};
					C923B0252371E19D0097C25F = {
						CreatedOnToolsVersion = 11.1;
						TestTargetID = C923B0042371E19B0097C25F;
					};
				};
			};
			buildConfigurationList = C923B0002371E19B0097C25F /* Build configuration list for PBXProject "Market" */;
			compatibilityVersion = "Xcode 9.3";
			developmentRegion = en;
			hasScannedForEncodings = 0;
			knownRegions = (
				en,
				Base,
			);
			mainGroup = C923AFFC2371E19B0097C25F;
			productRefGroup = C923B0062371E19B0097C25F /* Products */;
			projectDirPath = "";
			projectRoot = "";
			targets = (
				C923B0042371E19B0097C25F /* Market */,
				C923B01A2371E19D0097C25F /* MarketTests */,
				C923B0252371E19D0097C25F /* MarketUITests */,
			);
		};
/* End PBXProject section */

/* Begin PBXResourcesBuildPhase section */
		C923B0032371E19B0097C25F /* Resources */ = {
			isa = PBXResourcesBuildPhase;
			buildActionMask = 2147483647;
			files = (
				C923B0152371E19D0097C25F /* LaunchScreen.storyboard in Resources */,
				C923B0122371E19D0097C25F /* Assets.xcassets in Resources */,
				C923B0102371E19B0097C25F /* Main.storyboard in Resources */,
			);
			runOnlyForDeploymentPostprocessing = 0;
		};
		C923B0192371E19D0097C25F /* Resources */ = {
			isa = PBXResourcesBuildPhase;
			buildActionMask = 2147483647;
			files = (
			);
			runOnlyForDeploymentPostprocessing = 0;
		};
		C923B0242371E19D0097C25F /* Resources */ = {
			isa = PBXResourcesBuildPhase;
			buildActionMask = 2147483647;
			files = (
			);
			runOnlyForDeploymentPostprocessing = 0;
		};
/* End PBXResourcesBuildPhase section */

/* Begin PBXSourcesBuildPhase section */
		C923B0012371E19B0097C25F /* Sources */ = {
			isa = PBXSourcesBuildPhase;
			buildActionMask = 2147483647;
			files = (
				C923B00D2371E19B0097C25F /* ViewController.swift in Sources */,
				C923B0092371E19B0097C25F /* AppDelegate.swift in Sources */,
				C923B00B2371E19B0097C25F /* SceneDelegate.swift in Sources */,
			);
			runOnlyForDeploymentPostprocessing = 0;
		};
		C923B0172371E19D0097C25F /* Sources */ = {
			isa = PBXSourcesBuildPhase;
			buildActionMask = 2147483647;
			files = (
				C923B0202371E19D0097C25F /* MarketTests.swift in Sources */,
			);
			runOnlyForDeploymentPostprocessing = 0;
		};
		C923B0222371E19D0097C25F /* Sources */ = {
			isa = PBXSourcesBuildPhase;
			buildActionMask = 2147483647;
			files = (
				C923B02B2371E19D0097C25F /* MarketUITests.swift in Sources */,
			);
			runOnlyForDeploymentPostprocessing = 0;
		};
/* End PBXSourcesBuildPhase section */

/* Begin PBXTargetDependency section */
		C923B01D2371E19D0097C25F /* PBXTargetDependency */ = {
			isa = PBXTargetDependency;
			target = C923B0042371E19B0097C25F /* Market */;
			targetProxy = C923B01C2371E19D0097C25F /* PBXContainerItemProxy */;
		};
		C923B0282371E19D0097C25F /* PBXTargetDependency */ = {
			isa = PBXTargetDependency;
			target = C923B0042371E19B0097C25F /* Market */;
			targetProxy = C923B0272371E19D0097C25F /* PBXContainerItemProxy */;
		};
/* End PBXTargetDependency section */

/* Begin PBXVariantGroup section */
		C923B00E2371E19B0097C25F /* Main.storyboard */ = {
			isa = PBXVariantGroup;
			children = (
				C923B00F2371E19B0097C25F /* Base */,
			);
			name = Main.storyboard;
			sourceTree = "<group>";
		};
		C923B0132371E19D0097C25F /* LaunchScreen.storyboard */ = {
			isa = PBXVariantGroup;
			children = (
				C923B0142371E19D0097C25F /* Base */,
			);
			name = LaunchScreen.storyboard;
			sourceTree = "<group>";
		};
/* End PBXVariantGroup section */

/* Begin XCBuildConfiguration section */
		C923B02D2371E19D0097C25F /* Debug */ = {
			isa = XCBuildConfiguration;
			buildSettings = {
				ALWAYS_SEARCH_USER_PATHS = NO;
				CLANG_ANALYZER_NONNULL = YES;
				CLANG_ANALYZER_NUMBER_OBJECT_CONVERSION = YES_AGGRESSIVE;
				CLANG_CXX_LANGUAGE_STANDARD = "gnu++14";
				CLANG_CXX_LIBRARY = "libc++";
				CLANG_ENABLE_MODULES = YES;
				CLANG_ENABLE_OBJC_ARC = YES;
				CLANG_ENABLE_OBJC_WEAK = YES;
				CLANG_WARN_BLOCK_CAPTURE_AUTORELEASING = YES;
				CLANG_WARN_BOOL_CONVERSION = YES;
				CLANG_WARN_COMMA = YES;
				CLANG_WARN_CONSTANT_CONVERSION = YES;
				CLANG_WARN_DEPRECATED_OBJC_IMPLEMENTATIONS = YES;
				CLANG_WARN_DIRECT_OBJC_ISA_USAGE = YES_ERROR;
				CLANG_WARN_DOCUMENTATION_COMMENTS = YES;
				CLANG_WARN_EMPTY_BODY = YES;
				CLANG_WARN_ENUM_CONVERSION = YES;
				CLANG_WARN_INFINITE_RECURSION = YES;
				CLANG_WARN_INT_CONVERSION = YES;
				CLANG_WARN_NON_LITERAL_NULL_CONVERSION = YES;
				CLANG_WARN_OBJC_IMPLICIT_RETAIN_SELF = YES;
				CLANG_WARN_OBJC_LITERAL_CONVERSION = YES;
				CLANG_WARN_OBJC_ROOT_CLASS = YES_ERROR;
				CLANG_WARN_RANGE_LOOP_ANALYSIS = YES;
				CLANG_WARN_STRICT_PROTOTYPES = YES;
				CLANG_WARN_SUSPICIOUS_MOVE = YES;
				CLANG_WARN_UNGUARDED_AVAILABILITY = YES_AGGRESSIVE;
				CLANG_WARN_UNREACHABLE_CODE = YES;
				CLANG_WARN__DUPLICATE_METHOD_MATCH = YES;
				COPY_PHASE_STRIP = NO;
				DEBUG_INFORMATION_FORMAT = dwarf;
				ENABLE_STRICT_OBJC_MSGSEND = YES;
				ENABLE_TESTABILITY = YES;
				GCC_C_LANGUAGE_STANDARD = gnu11;
				GCC_DYNAMIC_NO_PIC = NO;
				GCC_NO_COMMON_BLOCKS = YES;
				GCC_OPTIMIZATION_LEVEL = 0;
				GCC_PREPROCESSOR_DEFINITIONS = (
					"DEBUG=1",
					"$(inherited)",
				);
				GCC_WARN_64_TO_32_BIT_CONVERSION = YES;
				GCC_WARN_ABOUT_RETURN_TYPE = YES_ERROR;
				GCC_WARN_UNDECLARED_SELECTOR = YES;
				GCC_WARN_UNINITIALIZED_AUTOS = YES_AGGRESSIVE;
				GCC_WARN_UNUSED_FUNCTION = YES;
				GCC_WARN_UNUSED_VARIABLE = YES;
				IPHONEOS_DEPLOYMENT_TARGET = 13.1;
				MTL_ENABLE_DEBUG_INFO = INCLUDE_SOURCE;
				MTL_FAST_MATH = YES;
				ONLY_ACTIVE_ARCH = YES;
				SDKROOT = iphoneos;
				SWIFT_ACTIVE_COMPILATION_CONDITIONS = DEBUG;
				SWIFT_OPTIMIZATION_LEVEL = "-Onone";
			};
			name = Debug;
		};
		C923B02E2371E19D0097C25F /* Release */ = {
			isa = XCBuildConfiguration;
			buildSettings = {
				ALWAYS_SEARCH_USER_PATHS = NO;
				CLANG_ANALYZER_NONNULL = YES;
				CLANG_ANALYZER_NUMBER_OBJECT_CONVERSION = YES_AGGRESSIVE;
				CLANG_CXX_LANGUAGE_STANDARD = "gnu++14";
				CLANG_CXX_LIBRARY = "libc++";
				CLANG_ENABLE_MODULES = YES;
				CLANG_ENABLE_OBJC_ARC = YES;
				CLANG_ENABLE_OBJC_WEAK = YES;
				CLANG_WARN_BLOCK_CAPTURE_AUTORELEASING = YES;
				CLANG_WARN_BOOL_CONVERSION = YES;
				CLANG_WARN_COMMA = YES;
				CLANG_WARN_CONSTANT_CONVERSION = YES;
				CLANG_WARN_DEPRECATED_OBJC_IMPLEMENTATIONS = YES;
				CLANG_WARN_DIRECT_OBJC_ISA_USAGE = YES_ERROR;
				CLANG_WARN_DOCUMENTATION_COMMENTS = YES;
				CLANG_WARN_EMPTY_BODY = YES;
				CLANG_WARN_ENUM_CONVERSION = YES;
				CLANG_WARN_INFINITE_RECURSION = YES;
				CLANG_WARN_INT_CONVERSION = YES;
				CLANG_WARN_NON_LITERAL_NULL_CONVERSION = YES;
				CLANG_WARN_OBJC_IMPLICIT_RETAIN_SELF = YES;
				CLANG_WARN_OBJC_LITERAL_CONVERSION = YES;
				CLANG_WARN_OBJC_ROOT_CLASS = YES_ERROR;
				CLANG_WARN_RANGE_LOOP_ANALYSIS = YES;
				CLANG_WARN_STRICT_PROTOTYPES = YES;
				CLANG_WARN_SUSPICIOUS_MOVE = YES;
				CLANG_WARN_UNGUARDED_AVAILABILITY = YES_AGGRESSIVE;
				CLANG_WARN_UNREACHABLE_CODE = YES;
				CLANG_WARN__DUPLICATE_METHOD_MATCH = YES;
				COPY_PHASE_STRIP = NO;
				DEBUG_INFORMATION_FORMAT = "dwarf-with-dsym";
				ENABLE_NS_ASSERTIONS = NO;
				ENABLE_STRICT_OBJC_MSGSEND = YES;
				GCC_C_LANGUAGE_STANDARD = gnu11;
				GCC_NO_COMMON_BLOCKS = YES;
				GCC_WARN_64_TO_32_BIT_CONVERSION = YES;
				GCC_WARN_ABOUT_RETURN_TYPE = YES_ERROR;
				GCC_WARN_UNDECLARED_SELECTOR = YES;
				GCC_WARN_UNINITIALIZED_AUTOS = YES_AGGRESSIVE;
				GCC_WARN_UNUSED_FUNCTION = YES;
				GCC_WARN_UNUSED_VARIABLE = YES;
				IPHONEOS_DEPLOYMENT_TARGET = 13.1;
				MTL_ENABLE_DEBUG_INFO = NO;
				MTL_FAST_MATH = YES;
				SDKROOT = iphoneos;
				SWIFT_COMPILATION_MODE = wholemodule;
				SWIFT_OPTIMIZATION_LEVEL = "-O";
				VALIDATE_PRODUCT = YES;
			};
			name = Release;
		};
		C923B0302371E19D0097C25F /* Debug */ = {
			isa = XCBuildConfiguration;
			buildSettings = {
				ASSETCATALOG_COMPILER_APPICON_NAME = AppIcon;
				CODE_SIGN_STYLE = Automatic;
				DEVELOPMENT_TEAM = 5WF5Y5M59G;
				INFOPLIST_FILE = Market/Info.plist;
				LD_RUNPATH_SEARCH_PATHS = (
					"$(inherited)",
					"@executable_path/Frameworks",
				);
				PRODUCT_BUNDLE_IDENTIFIER = com.gmail.yuki.market.Market;
				PRODUCT_NAME = "$(TARGET_NAME)";
				SWIFT_VERSION = 5.0;
				TARGETED_DEVICE_FAMILY = "1,2";
			};
			name = Debug;
		};
		C923B0312371E19D0097C25F /* Release */ = {
			isa = XCBuildConfiguration;
			buildSettings = {
				ASSETCATALOG_COMPILER_APPICON_NAME = AppIcon;
				CODE_SIGN_STYLE = Automatic;
				DEVELOPMENT_TEAM = 5WF5Y5M59G;
				INFOPLIST_FILE = Market/Info.plist;
				LD_RUNPATH_SEARCH_PATHS = (
					"$(inherited)",
					"@executable_path/Frameworks",
				);
				PRODUCT_BUNDLE_IDENTIFIER = com.gmail.yuki.market.Market;
				PRODUCT_NAME = "$(TARGET_NAME)";
				SWIFT_VERSION = 5.0;
				TARGETED_DEVICE_FAMILY = "1,2";
			};
			name = Release;
		};
		C923B0332371E19D0097C25F /* Debug */ = {
			isa = XCBuildConfiguration;
			buildSettings = {
				ALWAYS_EMBED_SWIFT_STANDARD_LIBRARIES = YES;
				BUNDLE_LOADER = "$(TEST_HOST)";
				CODE_SIGN_STYLE = Automatic;
				DEVELOPMENT_TEAM = 5WF5Y5M59G;
				INFOPLIST_FILE = MarketTests/Info.plist;
				IPHONEOS_DEPLOYMENT_TARGET = 13.1;
				LD_RUNPATH_SEARCH_PATHS = (
					"$(inherited)",
					"@executable_path/Frameworks",
					"@loader_path/Frameworks",
				);
				PRODUCT_BUNDLE_IDENTIFIER = com.gmail.yuki.market.MarketTests;
				PRODUCT_NAME = "$(TARGET_NAME)";
				SWIFT_VERSION = 5.0;
				TARGETED_DEVICE_FAMILY = "1,2";
				TEST_HOST = "$(BUILT_PRODUCTS_DIR)/Market.app/Market";
			};
			name = Debug;
		};
		C923B0342371E19D0097C25F /* Release */ = {
			isa = XCBuildConfiguration;
			buildSettings = {
				ALWAYS_EMBED_SWIFT_STANDARD_LIBRARIES = YES;
				BUNDLE_LOADER = "$(TEST_HOST)";
				CODE_SIGN_STYLE = Automatic;
				DEVELOPMENT_TEAM = 5WF5Y5M59G;
				INFOPLIST_FILE = MarketTests/Info.plist;
				IPHONEOS_DEPLOYMENT_TARGET = 13.1;
				LD_RUNPATH_SEARCH_PATHS = (
					"$(inherited)",
					"@executable_path/Frameworks",
					"@loader_path/Frameworks",
				);
				PRODUCT_BUNDLE_IDENTIFIER = com.gmail.yuki.market.MarketTests;
				PRODUCT_NAME = "$(TARGET_NAME)";
				SWIFT_VERSION = 5.0;
				TARGETED_DEVICE_FAMILY = "1,2";
				TEST_HOST = "$(BUILT_PRODUCTS_DIR)/Market.app/Market";
			};
			name = Release;
		};
		C923B0362371E19D0097C25F /* Debug */ = {
			isa = XCBuildConfiguration;
			buildSettings = {
				ALWAYS_EMBED_SWIFT_STANDARD_LIBRARIES = YES;
				CODE_SIGN_STYLE = Automatic;
				DEVELOPMENT_TEAM = 5WF5Y5M59G;
				INFOPLIST_FILE = MarketUITests/Info.plist;
				LD_RUNPATH_SEARCH_PATHS = (
					"$(inherited)",
					"@executable_path/Frameworks",
					"@loader_path/Frameworks",
				);
				PRODUCT_BUNDLE_IDENTIFIER = com.gmail.yuki.market.MarketUITests;
				PRODUCT_NAME = "$(TARGET_NAME)";
				SWIFT_VERSION = 5.0;
				TARGETED_DEVICE_FAMILY = "1,2";
				TEST_TARGET_NAME = Market;
			};
			name = Debug;
		};
		C923B0372371E19D0097C25F /* Release */ = {
			isa = XCBuildConfiguration;
			buildSettings = {
				ALWAYS_EMBED_SWIFT_STANDARD_LIBRARIES = YES;
				CODE_SIGN_STYLE = Automatic;
				DEVELOPMENT_TEAM = 5WF5Y5M59G;
				INFOPLIST_FILE = MarketUITests/Info.plist;
				LD_RUNPATH_SEARCH_PATHS = (
					"$(inherited)",
					"@executable_path/Frameworks",
					"@loader_path/Frameworks",
				);
				PRODUCT_BUNDLE_IDENTIFIER = com.gmail.yuki.market.MarketUITests;
				PRODUCT_NAME = "$(TARGET_NAME)";
				SWIFT_VERSION = 5.0;
				TARGETED_DEVICE_FAMILY = "1,2";
				TEST_TARGET_NAME = Market;
			};
			name = Release;
		};
/* End XCBuildConfiguration section */

/* Begin XCConfigurationList section */
		C923B0002371E19B0097C25F /* Build configuration list for PBXProject "Market" */ = {
			isa = XCConfigurationList;
			buildConfigurations = (
				C923B02D2371E19D0097C25F /* Debug */,
				C923B02E2371E19D0097C25F /* Release */,
			);
			defaultConfigurationIsVisible = 0;
			defaultConfigurationName = Release;
		};
		C923B02F2371E19D0097C25F /* Build configuration list for PBXNativeTarget "Market" */ = {
			isa = XCConfigurationList;
			buildConfigurations = (
				C923B0302371E19D0097C25F /* Debug */,
				C923B0312371E19D0097C25F /* Release */,
			);
			defaultConfigurationIsVisible = 0;
			defaultConfigurationName = Release;
		};
		C923B0322371E19D0097C25F /* Build configuration list for PBXNativeTarget "MarketTests" */ = {
			isa = XCConfigurationList;
			buildConfigurations = (
				C923B0332371E19D0097C25F /* Debug */,
				C923B0342371E19D0097C25F /* Release */,
			);
			defaultConfigurationIsVisible = 0;
			defaultConfigurationName = Release;
		};
		C923B0352371E19D0097C25F /* Build configuration list for PBXNativeTarget "MarketUITests" */ = {
			isa = XCConfigurationList;
			buildConfigurations = (
				C923B0362371E19D0097C25F /* Debug */,
				C923B0372371E19D0097C25F /* Release */,
			);
			defaultConfigurationIsVisible = 0;
			defaultConfigurationName = Release;
		};
/* End XCConfigurationList section */
	};
	rootObject = C923AFFD2371E19B0097C25F /* Project object */;
}
